
Microsoft Visual Studio Solution File, Format Version 12.00
# Visual Studio 15
VisualStudioVersion = 15.0.27130.2026
MinimumVisualStudioVersion = 10.0.40219.1
Project("{2150E333-8FDC-42A3-9474-1A3956D46DE8}") = "Solution Items", "Solution Items", "{FE400287-3335-4C00-845C-D7A56196FB1D}"
EndProject
Project("{2150E333-8FDC-42A3-9474-1A3956D46DE8}") = ".nuget", ".nuget", "{43BF1CA2-F1CA-42E2-B949-7F379CE928E3}"
	ProjectSection(SolutionItems) = preProject
		.nuget\packages.config = .nuget\packages.config
	EndProjectSection
EndProject
Project("{FAE04EC0-301F-11D3-BF4B-00C04F79EFBC}") = "Build", "Build\Build.csproj", "{5952119C-365A-4614-BD29-58EAB1139438}"
EndProject
Project("{FAE04EC0-301F-11D3-BF4B-00C04F79EFBC}") = "Core", "Core\Core.csproj", "{B79940B8-1949-406D-9CCA-E6349898E11A}"
EndProject
Project("{FAE04EC0-301F-11D3-BF4B-00C04F79EFBC}") = "UnitTests", "UnitTests\UnitTests.csproj", "{1763F21F-531C-4E86-ACFC-9A8BF903F945}"
EndProject
Project("{FAE04EC0-301F-11D3-BF4B-00C04F79EFBC}") = "Archive.Zip", "Archive.Zip\Archive.Zip.csproj", "{C8C5D9A0-24EE-43F5-A357-35A8429C0A0E}"
EndProject
Project("{FAE04EC0-301F-11D3-BF4B-00C04F79EFBC}") = "Archive.Zip.UnitTests", "Archive.Zip.UnitTests\Archive.Zip.UnitTests.csproj", "{1C9474C1-0069-404B-A514-0411C2752B75}"
EndProject
Global
	GlobalSection(SolutionConfigurationPlatforms) = preSolution
		Debug|Any CPU = Debug|Any CPU
		Release|Any CPU = Release|Any CPU
	EndGlobalSection
	GlobalSection(ProjectConfigurationPlatforms) = postSolution
		{5952119C-365A-4614-BD29-58EAB1139438}.Debug|Any CPU.ActiveCfg = Debug|Any CPU
		{5952119C-365A-4614-BD29-58EAB1139438}.Debug|Any CPU.Build.0 = Debug|Any CPU
		{5952119C-365A-4614-BD29-58EAB1139438}.Release|Any CPU.ActiveCfg = Release|Any CPU
		{5952119C-365A-4614-BD29-58EAB1139438}.Release|Any CPU.Build.0 = Release|Any CPU
		{B79940B8-1949-406D-9CCA-E6349898E11A}.Debug|Any CPU.ActiveCfg = Debug|Any CPU
		{B79940B8-1949-406D-9CCA-E6349898E11A}.Debug|Any CPU.Build.0 = Debug|Any CPU
		{B79940B8-1949-406D-9CCA-E6349898E11A}.Release|Any CPU.ActiveCfg = Release|Any CPU
		{B79940B8-1949-406D-9CCA-E6349898E11A}.Release|Any CPU.Build.0 = Release|Any CPU
		{1763F21F-531C-4E86-ACFC-9A8BF903F945}.Debug|Any CPU.ActiveCfg = Debug|Any CPU
		{1763F21F-531C-4E86-ACFC-9A8BF903F945}.Debug|Any CPU.Build.0 = Debug|Any CPU
		{1763F21F-531C-4E86-ACFC-9A8BF903F945}.Release|Any CPU.ActiveCfg = Release|Any CPU
		{1763F21F-531C-4E86-ACFC-9A8BF903F945}.Release|Any CPU.Build.0 = Release|Any CPU
		{C8C5D9A0-24EE-43F5-A357-35A8429C0A0E}.Debug|Any CPU.ActiveCfg = Debug|Any CPU
		{C8C5D9A0-24EE-43F5-A357-35A8429C0A0E}.Debug|Any CPU.Build.0 = Debug|Any CPU
		{C8C5D9A0-24EE-43F5-A357-35A8429C0A0E}.Release|Any CPU.ActiveCfg = Release|Any CPU
		{C8C5D9A0-24EE-43F5-A357-35A8429C0A0E}.Release|Any CPU.Build.0 = Release|Any CPU
		{1C9474C1-0069-404B-A514-0411C2752B75}.Debug|Any CPU.ActiveCfg = Debug|Any CPU
		{1C9474C1-0069-404B-A514-0411C2752B75}.Debug|Any CPU.Build.0 = Debug|Any CPU
		{1C9474C1-0069-404B-A514-0411C2752B75}.Release|Any CPU.ActiveCfg = Release|Any CPU
		{1C9474C1-0069-404B-A514-0411C2752B75}.Release|Any CPU.Build.0 = Release|Any CPU
	EndGlobalSection
	GlobalSection(SolutionProperties) = preSolution
		HideSolutionNode = FALSE
	EndGlobalSection
EndGlobal
